
Microsoft Visual Studio Solution File, Format Version 12.00
# Visual Studio Version 17
VisualStudioVersion = 17.0.31903.59
MinimumVisualStudioVersion = 10.0.40219.1
Project("{2150E333-8FDC-42A3-9474-1A3956D46DE8}") = "tests", "tests", "{574143F5-3D72-4072-AD03-63A1FC10B82B}"
EndProject
Project("{FAE04EC0-301F-11D3-BF4B-00C04F79EFBC}") = "DotNetNinja.Web.Core.Tests", "tests\DotNetNinja.Web.Core.Tests\DotNetNinja.Web.Core.Tests.csproj", "{7BA10017-51D0-44A8-8958-69AE6C43E28D}"
EndProject
Project("{2150E333-8FDC-42A3-9474-1A3956D46DE8}") = "src", "src", "{19D1C990-12C5-4B22-9CBE-61578FB2C361}"
EndProject
Project("{FAE04EC0-301F-11D3-BF4B-00C04F79EFBC}") = "DotNetNinja.Web.Core", "src\DotNetNinja.Web.Core\DotNetNinja.Web.Core.csproj", "{3FE4815E-98F8-4970-9BE3-B8C33E771582}"
EndProject
Global
	GlobalSection(SolutionConfigurationPlatforms) = preSolution
		Debug|Any CPU = Debug|Any CPU
		Release|Any CPU = Release|Any CPU
	EndGlobalSection
	GlobalSection(SolutionProperties) = preSolution
		HideSolutionNode = FALSE
	EndGlobalSection
	GlobalSection(ProjectConfigurationPlatforms) = postSolution
		{7BA10017-51D0-44A8-8958-69AE6C43E28D}.Debug|Any CPU.ActiveCfg = Debug|Any CPU
		{7BA10017-51D0-44A8-8958-69AE6C43E28D}.Debug|Any CPU.Build.0 = Debug|Any CPU
		{7BA10017-51D0-44A8-8958-69AE6C43E28D}.Release|Any CPU.ActiveCfg = Release|Any CPU
		{7BA10017-51D0-44A8-8958-69AE6C43E28D}.Release|Any CPU.Build.0 = Release|Any CPU
		{3FE4815E-98F8-4970-9BE3-B8C33E771582}.Debug|Any CPU.ActiveCfg = Debug|Any CPU
		{3FE4815E-98F8-4970-9BE3-B8C33E771582}.Debug|Any CPU.Build.0 = Debug|Any CPU
		{3FE4815E-98F8-4970-9BE3-B8C33E771582}.Release|Any CPU.ActiveCfg = Release|Any CPU
		{3FE4815E-98F8-4970-9BE3-B8C33E771582}.Release|Any CPU.Build.0 = Release|Any CPU
	EndGlobalSection
	GlobalSection(NestedProjects) = preSolution
		{7BA10017-51D0-44A8-8958-69AE6C43E28D} = {574143F5-3D72-4072-AD03-63A1FC10B82B}
		{3FE4815E-98F8-4970-9BE3-B8C33E771582} = {19D1C990-12C5-4B22-9CBE-61578FB2C361}
	EndGlobalSection
EndGlobal
